
Microsoft Visual Studio Solution File, Format Version 12.00
# Visual Studio Version 17
VisualStudioVersion = 17.4.33110.190
MinimumVisualStudioVersion = 10.0.40219.1
Project("{9A19103F-16F7-4668-BE54-9A1E7A4F7556}") = "SYTD_4_Examples.ServiceLocator", "SYTD_4_Examples.ServiceLocator\SYTD_4_Examples.ServiceLocator.csproj", "{1A044AC8-FBCD-4FC5-A33F-1B8FC8A638D4}"
EndProject
Project("{9A19103F-16F7-4668-BE54-9A1E7A4F7556}") = "SYTD_4_Examples.Webserver", "SYTD_4_Examples.Webserver\SYTD_4_Examples.Webserver.csproj", "{A23417E5-968E-428F-98AA-2040C099BDC0}"
EndProject
Project("{2150E333-8FDC-42A3-9474-1A3956D46DE8}") = "SOA", "SOA", "{3A05232C-B3F1-47B0-8744-7C08A2F6B177}"
EndProject
Project("{2150E333-8FDC-42A3-9474-1A3956D46DE8}") = "Protocols", "Protocols", "{22F55FFF-3499-421B-933A-D7035C20B774}"
EndProject
Project("{2150E333-8FDC-42A3-9474-1A3956D46DE8}") = "Networking", "Networking", "{FE8D27A5-EFB6-4779-9702-FCA52E31C291}"
EndProject
Project("{9A19103F-16F7-4668-BE54-9A1E7A4F7556}") = "SYTD_4_Examples.Sockets", "SYTD_4_Examples_Sockets\SYTD_4_Examples.Sockets.csproj", "{BFB16CAC-2235-4288-814B-5D9EA52C721E}"
EndProject
Project("{888888A0-9F3D-457C-B088-3A5042F75D52}") = "SYTD_4_Examples.SocketsPython", "SYTD_4_Examples.SocketsPython\SYTD_4_Examples.SocketsPython.pyproj", "{807B0AFD-C665-416B-95B7-F6BCC4572D09}"
EndProject
Project("{9A19103F-16F7-4668-BE54-9A1E7A4F7556}") = "SYTD_4_Examples.DatabaseRaw", "SYTD_4_Examples.DatabaseRaw\SYTD_4_Examples.DatabaseRaw.csproj", "{D81191C2-FE15-434F-B852-7437D54D6537}"
EndProject
Project("{2150E333-8FDC-42A3-9474-1A3956D46DE8}") = "DataLayer", "DataLayer", "{8BD4941A-12EC-4A9A-A19E-44D9A02A9126}"
EndProject
Project("{9A19103F-16F7-4668-BE54-9A1E7A4F7556}") = "SYTD_4_Examples.WuffServer", "SYTD_4_Examples.WuffServer\SYTD_4_Examples.WuffServer.csproj", "{3C7C2E44-74B4-4AE8-B3EC-DAB3A512A8C5}"
EndProject
Project("{888888A0-9F3D-457C-B088-3A5042F75D52}") = "SYTD_4_Example.WuffClientPython", "SYTD_4_Example.WuffClientPython\SYTD_4_Example.WuffClientPython.pyproj", "{973B7B33-932D-423C-8931-C541EE15DBDD}"
EndProject
Project("{9A19103F-16F7-4668-BE54-9A1E7A4F7556}") = "SYTD_4_Examples.TcpEchoServer", "SYTD_4_Examples.TcpEchoServer\SYTD_4_Examples.TcpEchoServer.csproj", "{B1370AE2-6609-48E1-9549-049B89A44926}"
EndProject
Project("{9A19103F-16F7-4668-BE54-9A1E7A4F7556}") = "SYTD_4_Examples.TcpServer", "SYTD_4_Examples.TcpServer\SYTD_4_Examples.TcpServer.csproj", "{6AFA270D-8F7D-443D-AB3A-09372A403164}"
EndProject
Project("{9A19103F-16F7-4668-BE54-9A1E7A4F7556}") = "SYTD_4_Examples.MyTcpClient", "SYTD_4_Examples.MyTcpClient\SYTD_4_Examples.MyTcpClient.csproj", "{B5561468-BB4A-4383-A821-30525538D6A7}"
EndProject
Project("{9A19103F-16F7-4668-BE54-9A1E7A4F7556}") = "SYTD_4_Examples.TextBrowser", "SYTD_4_Examples.TextBrowser\SYTD_4_Examples.TextBrowser.csproj", "{EE895BA2-819A-4B77-8D2D-984F05FE3755}"
EndProject
Project("{FAE04EC0-301F-11D3-BF4B-00C04F79EFBC}") = "SYTD_4_Examples_JSON", "SYTD_4_Examples_JSON\SYTD_4_Examples_JSON.csproj", "{3CD098BC-EC15-42A6-950C-65F0492BDD37}"
EndProject
Global
	GlobalSection(SolutionConfigurationPlatforms) = preSolution
		Debug|Any CPU = Debug|Any CPU
		Release|Any CPU = Release|Any CPU
	EndGlobalSection
	GlobalSection(ProjectConfigurationPlatforms) = postSolution
		{1A044AC8-FBCD-4FC5-A33F-1B8FC8A638D4}.Debug|Any CPU.ActiveCfg = Debug|Any CPU
		{1A044AC8-FBCD-4FC5-A33F-1B8FC8A638D4}.Debug|Any CPU.Build.0 = Debug|Any CPU
		{1A044AC8-FBCD-4FC5-A33F-1B8FC8A638D4}.Release|Any CPU.ActiveCfg = Release|Any CPU
		{1A044AC8-FBCD-4FC5-A33F-1B8FC8A638D4}.Release|Any CPU.Build.0 = Release|Any CPU
		{A23417E5-968E-428F-98AA-2040C099BDC0}.Debug|Any CPU.ActiveCfg = Debug|Any CPU
		{A23417E5-968E-428F-98AA-2040C099BDC0}.Debug|Any CPU.Build.0 = Debug|Any CPU
		{A23417E5-968E-428F-98AA-2040C099BDC0}.Release|Any CPU.ActiveCfg = Release|Any CPU
		{A23417E5-968E-428F-98AA-2040C099BDC0}.Release|Any CPU.Build.0 = Release|Any CPU
		{BFB16CAC-2235-4288-814B-5D9EA52C721E}.Debug|Any CPU.ActiveCfg = Debug|Any CPU
		{BFB16CAC-2235-4288-814B-5D9EA52C721E}.Debug|Any CPU.Build.0 = Debug|Any CPU
		{BFB16CAC-2235-4288-814B-5D9EA52C721E}.Release|Any CPU.ActiveCfg = Release|Any CPU
		{BFB16CAC-2235-4288-814B-5D9EA52C721E}.Release|Any CPU.Build.0 = Release|Any CPU
		{807B0AFD-C665-416B-95B7-F6BCC4572D09}.Debug|Any CPU.ActiveCfg = Debug|Any CPU
		{807B0AFD-C665-416B-95B7-F6BCC4572D09}.Release|Any CPU.ActiveCfg = Release|Any CPU
		{D81191C2-FE15-434F-B852-7437D54D6537}.Debug|Any CPU.ActiveCfg = Debug|Any CPU
		{D81191C2-FE15-434F-B852-7437D54D6537}.Debug|Any CPU.Build.0 = Debug|Any CPU
		{D81191C2-FE15-434F-B852-7437D54D6537}.Release|Any CPU.ActiveCfg = Release|Any CPU
		{D81191C2-FE15-434F-B852-7437D54D6537}.Release|Any CPU.Build.0 = Release|Any CPU
		{3C7C2E44-74B4-4AE8-B3EC-DAB3A512A8C5}.Debug|Any CPU.ActiveCfg = Debug|Any CPU
		{3C7C2E44-74B4-4AE8-B3EC-DAB3A512A8C5}.Debug|Any CPU.Build.0 = Debug|Any CPU
		{3C7C2E44-74B4-4AE8-B3EC-DAB3A512A8C5}.Release|Any CPU.ActiveCfg = Release|Any CPU
		{3C7C2E44-74B4-4AE8-B3EC-DAB3A512A8C5}.Release|Any CPU.Build.0 = Release|Any CPU
		{973B7B33-932D-423C-8931-C541EE15DBDD}.Debug|Any CPU.ActiveCfg = Debug|Any CPU
		{973B7B33-932D-423C-8931-C541EE15DBDD}.Release|Any CPU.ActiveCfg = Release|Any CPU
		{B1370AE2-6609-48E1-9549-049B89A44926}.Debug|Any CPU.ActiveCfg = Debug|Any CPU
		{B1370AE2-6609-48E1-9549-049B89A44926}.Debug|Any CPU.Build.0 = Debug|Any CPU
		{B1370AE2-6609-48E1-9549-049B89A44926}.Release|Any CPU.ActiveCfg = Release|Any CPU
		{B1370AE2-6609-48E1-9549-049B89A44926}.Release|Any CPU.Build.0 = Release|Any CPU
		{6AFA270D-8F7D-443D-AB3A-09372A403164}.Debug|Any CPU.ActiveCfg = Debug|Any CPU
		{6AFA270D-8F7D-443D-AB3A-09372A403164}.Debug|Any CPU.Build.0 = Debug|Any CPU
		{6AFA270D-8F7D-443D-AB3A-09372A403164}.Release|Any CPU.ActiveCfg = Release|Any CPU
		{6AFA270D-8F7D-443D-AB3A-09372A403164}.Release|Any CPU.Build.0 = Release|Any CPU
		{B5561468-BB4A-4383-A821-30525538D6A7}.Debug|Any CPU.ActiveCfg = Debug|Any CPU
		{B5561468-BB4A-4383-A821-30525538D6A7}.Debug|Any CPU.Build.0 = Debug|Any CPU
		{B5561468-BB4A-4383-A821-30525538D6A7}.Release|Any CPU.ActiveCfg = Release|Any CPU
		{B5561468-BB4A-4383-A821-30525538D6A7}.Release|Any CPU.Build.0 = Release|Any CPU
		{EE895BA2-819A-4B77-8D2D-984F05FE3755}.Debug|Any CPU.ActiveCfg = Debug|Any CPU
		{EE895BA2-819A-4B77-8D2D-984F05FE3755}.Debug|Any CPU.Build.0 = Debug|Any CPU
		{EE895BA2-819A-4B77-8D2D-984F05FE3755}.Release|Any CPU.ActiveCfg = Release|Any CPU
		{EE895BA2-819A-4B77-8D2D-984F05FE3755}.Release|Any CPU.Build.0 = Release|Any CPU
		{3CD098BC-EC15-42A6-950C-65F0492BDD37}.Debug|Any CPU.ActiveCfg = Debug|Any CPU
		{3CD098BC-EC15-42A6-950C-65F0492BDD37}.Debug|Any CPU.Build.0 = Debug|Any CPU
		{3CD098BC-EC15-42A6-950C-65F0492BDD37}.Release|Any CPU.ActiveCfg = Release|Any CPU
		{3CD098BC-EC15-42A6-950C-65F0492BDD37}.Release|Any CPU.Build.0 = Release|Any CPU
	EndGlobalSection
	GlobalSection(SolutionProperties) = preSolution
		HideSolutionNode = FALSE
	EndGlobalSection
	GlobalSection(NestedProjects) = preSolution
		{1A044AC8-FBCD-4FC5-A33F-1B8FC8A638D4} = {3A05232C-B3F1-47B0-8744-7C08A2F6B177}
		{A23417E5-968E-428F-98AA-2040C099BDC0} = {22F55FFF-3499-421B-933A-D7035C20B774}
		{BFB16CAC-2235-4288-814B-5D9EA52C721E} = {FE8D27A5-EFB6-4779-9702-FCA52E31C291}
		{807B0AFD-C665-416B-95B7-F6BCC4572D09} = {FE8D27A5-EFB6-4779-9702-FCA52E31C291}
		{D81191C2-FE15-434F-B852-7437D54D6537} = {8BD4941A-12EC-4A9A-A19E-44D9A02A9126}
		{3C7C2E44-74B4-4AE8-B3EC-DAB3A512A8C5} = {FE8D27A5-EFB6-4779-9702-FCA52E31C291}
		{973B7B33-932D-423C-8931-C541EE15DBDD} = {FE8D27A5-EFB6-4779-9702-FCA52E31C291}
		{B1370AE2-6609-48E1-9549-049B89A44926} = {FE8D27A5-EFB6-4779-9702-FCA52E31C291}
		{6AFA270D-8F7D-443D-AB3A-09372A403164} = {FE8D27A5-EFB6-4779-9702-FCA52E31C291}
		{B5561468-BB4A-4383-A821-30525538D6A7} = {FE8D27A5-EFB6-4779-9702-FCA52E31C291}
		{EE895BA2-819A-4B77-8D2D-984F05FE3755} = {FE8D27A5-EFB6-4779-9702-FCA52E31C291}
		{3CD098BC-EC15-42A6-950C-65F0492BDD37} = {22F55FFF-3499-421B-933A-D7035C20B774}
	EndGlobalSection
	GlobalSection(ExtensibilityGlobals) = postSolution
		SolutionGuid = {09D9BE57-C91C-4949-8894-F8E0600CF4CD}
	EndGlobalSection
EndGlobal
